
Microsoft Visual Studio Solution File, Format Version 12.00
# Visual Studio Version 17
VisualStudioVersion = 17.4.33205.214
MinimumVisualStudioVersion = 10.0.40219.1
Project("{FAE04EC0-301F-11D3-BF4B-00C04F79EFBC}") = "FL.OpCuriosidade.UI", "FL.OpCuriosidade.UI\FL.OpCuriosidade.UI.csproj", "{E992666B-652B-48C4-B4CA-7D11F16EFA60}"
EndProject
Global
	GlobalSection(SolutionConfigurationPlatforms) = preSolution
		Debug|Any CPU = Debug|Any CPU
		Release|Any CPU = Release|Any CPU
	EndGlobalSection
	GlobalSection(ProjectConfigurationPlatforms) = postSolution
		{E992666B-652B-48C4-B4CA-7D11F16EFA60}.Debug|Any CPU.ActiveCfg = Debug|Any CPU
		{E992666B-652B-48C4-B4CA-7D11F16EFA60}.Debug|Any CPU.Build.0 = Debug|Any CPU
		{E992666B-652B-48C4-B4CA-7D11F16EFA60}.Release|Any CPU.ActiveCfg = Release|Any CPU
		{E992666B-652B-48C4-B4CA-7D11F16EFA60}.Release|Any CPU.Build.0 = Release|Any CPU
	EndGlobalSection
	GlobalSection(SolutionProperties) = preSolution
		HideSolutionNode = FALSE
	EndGlobalSection
	GlobalSection(ExtensibilityGlobals) = postSolution
		SolutionGuid = {1B9FFA5A-6582-4A83-99FE-E0E14F62754C}
	EndGlobalSection
EndGlobal
